{
  "name": "tlsserver",
  "version": "1.0.0",
  "lockfileVersion": 2,
  "requires": true,
  "packages": {
    "": {
      "name": "tlsserver",
      "version": "1.0.0",
      "license": "ISC",
      "dependencies": {
        "fs": "^0.0.1-security",
        "tls": "^0.0.1"
      }
    },
    "node_modules/fs": {
      "version": "0.0.1-security",
      "resolved": "https://registry.npmjs.org/fs/-/fs-0.0.1-security.tgz",
      "integrity": "sha512-3XY9e1pP0CVEUCdj5BmfIZxRBTSDycnbqhIOGec9QYtmVH2fbLpj86CFWkrNOkt/Fvty4KZG5lTglL9j/gJ87w=="
    },
    "node_modules/tls": {
      "version": "0.0.1",
      "resolved": "https://registry.npmjs.org/tls/-/tls-0.0.1.tgz",
      "integrity": "sha512-GzHpG+hwupY8VMR6rYsnAhTHqT/97zT45PG8WD5eTT1lq+dFE0nN+1PYpsoBcHJgSmTz5ceK2Cv88IkPmIPOtQ=="
    }
  },
  "dependencies": {
    "fs": {
      "version": "0.0.1-security",
      "resolved": "https://registry.npmjs.org/fs/-/fs-0.0.1-security.tgz",
      "integrity": "sha512-3XY9e1pP0CVEUCdj5BmfIZxRBTSDycnbqhIOGec9QYtmVH2fbLpj86CFWkrNOkt/Fvty4KZG5lTglL9j/gJ87w=="
    },
    "tls": {
      "version": "0.0.1",
      "resolved": "https://registry.npmjs.org/tls/-/tls-0.0.1.tgz",
      "integrity": "sha512-GzHpG+hwupY8VMR6rYsnAhTHqT/97zT45PG8WD5eTT1lq+dFE0nN+1PYpsoBcHJgSmTz5ceK2Cv88IkPmIPOtQ=="
    }
  }
}
